Microsoft Visual Studio Solution File, Format Version 12.00
# Visual Studio Version 17
VisualStudioVersion = 17.0.31903.59
MinimumVisualStudioVersion = 10.0.40219.1
Project("{FAE04EC0-301F-11D3-BF4B-00C04F79EFBC}") = "Contentful.Linq", "src\Contentful.Linq\Contentful.Linq.csproj", "{38F98643-D14D-452E-BC7A-B536CFC6BFE3}"
EndProject
Project("{FAE04EC0-301F-11D3-BF4B-00C04F79EFBC}") = "Contentful.Linq.Tests", "tests\Contentful.Linq.Tests\Contentful.Linq.Tests.csproj", "{8EE4727F-45AA-422A-B475-77991B7C5907}"
EndProject
Global
	GlobalSection(SolutionConfigurationPlatforms) = preSolution
		Debug|Any CPU = Debug|Any CPU
		Release|Any CPU = Release|Any CPU
	EndGlobalSection
	GlobalSection(SolutionProperties) = preSolution
		HideSolutionNode = FALSE
	EndGlobalSection
	GlobalSection(ProjectConfigurationPlatforms) = postSolution
		{38F98643-D14D-452E-BC7A-B536CFC6BFE3}.Debug|Any CPU.ActiveCfg = Debug|Any CPU
		{38F98643-D14D-452E-BC7A-B536CFC6BFE3}.Debug|Any CPU.Build.0 = Debug|Any CPU
		{38F98643-D14D-452E-BC7A-B536CFC6BFE3}.Release|Any CPU.ActiveCfg = Release|Any CPU
		{38F98643-D14D-452E-BC7A-B536CFC6BFE3}.Release|Any CPU.Build.0 = Release|Any CPU
		{8EE4727F-45AA-422A-B475-77991B7C5907}.Debug|Any CPU.ActiveCfg = Debug|Any CPU
		{8EE4727F-45AA-422A-B475-77991B7C5907}.Debug|Any CPU.Build.0 = Debug|Any CPU
		{8EE4727F-45AA-422A-B475-77991B7C5907}.Release|Any CPU.ActiveCfg = Release|Any CPU
		{8EE4727F-45AA-422A-B475-77991B7C5907}.Release|Any CPU.Build.0 = Release|Any CPU
	EndGlobalSection
EndGlobal
